
Microsoft Visual Studio Solution File, Format Version 12.00
# Visual Studio Version 17
VisualStudioVersion = 17.0.31612.314
MinimumVisualStudioVersion = 10.0.40219.1
Project("{9A19103F-16F7-4668-BE54-9A1E7A4F7556}") = "Starnight.Internal", "Starnight.Internal\Starnight.Internal.csproj", "{6C8BF445-6FC4-4A06-8A38-01AEF37CE4CD}"
EndProject
Project("{9A19103F-16F7-4668-BE54-9A1E7A4F7556}") = "Starnight.Caching", "Starnight.Caching\Starnight.Caching.csproj", "{C3802109-7D82-44BD-A735-F9F0534271DF}"
EndProject
Project("{9A19103F-16F7-4668-BE54-9A1E7A4F7556}") = "Starnight", "Starnight\Starnight.csproj", "{A7FB5ADB-7DCC-4A03-A927-26BF5CB31382}"
EndProject
Project("{9A19103F-16F7-4668-BE54-9A1E7A4F7556}") = "Starnight.Test", "Starnight.Test\Starnight.Test.csproj", "{A8DDC1A9-39E6-4254-9E4B-6D57A25BD500}"
EndProject
Project("{2150E333-8FDC-42A3-9474-1A3956D46DE8}") = "Solution Items", "Solution Items", "{43F91CA0-0B78-4ED1-8900-2EBBBE3A8FEF}"
	ProjectSection(SolutionItems) = preProject
		.editorconfig = .editorconfig
	EndProjectSection
EndProject
Project("{9A19103F-16F7-4668-BE54-9A1E7A4F7556}") = "Starnight.Benchmarks", "Starnight.Benchmarks\Starnight.Benchmarks.csproj", "{1E396097-261E-4A4E-8855-95206B7FED05}"
EndProject
Project("{9A19103F-16F7-4668-BE54-9A1E7A4F7556}") = "Starnight.SourceGenerators", "gen\Starnight.SourceGenerators.csproj", "{AF523164-8CC1-4936-8F4F-8F850BE2EE63}"
EndProject
Project("{FAE04EC0-301F-11D3-BF4B-00C04F79EFBC}") = "Starnight.Extensions.Caching", "Starnight.Extensions.Caching\Starnight.Extensions.Caching.csproj", "{46125B5E-825F-4798-99E2-DC51344C405B}"
EndProject
Global
	GlobalSection(SolutionConfigurationPlatforms) = preSolution
		Debug|Any CPU = Debug|Any CPU
		Release|Any CPU = Release|Any CPU
	EndGlobalSection
	GlobalSection(ProjectConfigurationPlatforms) = postSolution
		{6C8BF445-6FC4-4A06-8A38-01AEF37CE4CD}.Debug|Any CPU.ActiveCfg = Debug|Any CPU
		{6C8BF445-6FC4-4A06-8A38-01AEF37CE4CD}.Debug|Any CPU.Build.0 = Debug|Any CPU
		{6C8BF445-6FC4-4A06-8A38-01AEF37CE4CD}.Release|Any CPU.ActiveCfg = Release|Any CPU
		{6C8BF445-6FC4-4A06-8A38-01AEF37CE4CD}.Release|Any CPU.Build.0 = Release|Any CPU
		{C3802109-7D82-44BD-A735-F9F0534271DF}.Debug|Any CPU.ActiveCfg = Debug|Any CPU
		{C3802109-7D82-44BD-A735-F9F0534271DF}.Debug|Any CPU.Build.0 = Debug|Any CPU
		{C3802109-7D82-44BD-A735-F9F0534271DF}.Release|Any CPU.ActiveCfg = Release|Any CPU
		{C3802109-7D82-44BD-A735-F9F0534271DF}.Release|Any CPU.Build.0 = Release|Any CPU
		{A7FB5ADB-7DCC-4A03-A927-26BF5CB31382}.Debug|Any CPU.ActiveCfg = Debug|Any CPU
		{A7FB5ADB-7DCC-4A03-A927-26BF5CB31382}.Debug|Any CPU.Build.0 = Debug|Any CPU
		{A7FB5ADB-7DCC-4A03-A927-26BF5CB31382}.Release|Any CPU.ActiveCfg = Release|Any CPU
		{A7FB5ADB-7DCC-4A03-A927-26BF5CB31382}.Release|Any CPU.Build.0 = Release|Any CPU
		{A8DDC1A9-39E6-4254-9E4B-6D57A25BD500}.Debug|Any CPU.ActiveCfg = Debug|Any CPU
		{A8DDC1A9-39E6-4254-9E4B-6D57A25BD500}.Debug|Any CPU.Build.0 = Debug|Any CPU
		{A8DDC1A9-39E6-4254-9E4B-6D57A25BD500}.Release|Any CPU.ActiveCfg = Release|Any CPU
		{A8DDC1A9-39E6-4254-9E4B-6D57A25BD500}.Release|Any CPU.Build.0 = Release|Any CPU
		{1E396097-261E-4A4E-8855-95206B7FED05}.Debug|Any CPU.ActiveCfg = Debug|Any CPU
		{1E396097-261E-4A4E-8855-95206B7FED05}.Debug|Any CPU.Build.0 = Debug|Any CPU
		{1E396097-261E-4A4E-8855-95206B7FED05}.Release|Any CPU.ActiveCfg = Release|Any CPU
		{1E396097-261E-4A4E-8855-95206B7FED05}.Release|Any CPU.Build.0 = Release|Any CPU
		{AF523164-8CC1-4936-8F4F-8F850BE2EE63}.Debug|Any CPU.ActiveCfg = Debug|Any CPU
		{AF523164-8CC1-4936-8F4F-8F850BE2EE63}.Debug|Any CPU.Build.0 = Debug|Any CPU
		{AF523164-8CC1-4936-8F4F-8F850BE2EE63}.Release|Any CPU.ActiveCfg = Release|Any CPU
		{AF523164-8CC1-4936-8F4F-8F850BE2EE63}.Release|Any CPU.Build.0 = Release|Any CPU
		{46125B5E-825F-4798-99E2-DC51344C405B}.Debug|Any CPU.ActiveCfg = Debug|Any CPU
		{46125B5E-825F-4798-99E2-DC51344C405B}.Debug|Any CPU.Build.0 = Debug|Any CPU
		{46125B5E-825F-4798-99E2-DC51344C405B}.Release|Any CPU.ActiveCfg = Release|Any CPU
		{46125B5E-825F-4798-99E2-DC51344C405B}.Release|Any CPU.Build.0 = Release|Any CPU
	EndGlobalSection
	GlobalSection(SolutionProperties) = preSolution
		HideSolutionNode = FALSE
	EndGlobalSection
	GlobalSection(ExtensibilityGlobals) = postSolution
		SolutionGuid = {87335D0B-BDC4-4C7B-B18D-25D0E69BFA12}
	EndGlobalSection
EndGlobal
