
Microsoft Visual Studio Solution File, Format Version 12.00
# Visual Studio Version 17
VisualStudioVersion = 17.0.31612.314
MinimumVisualStudioVersion = 10.0.40219.1
Project("{2150E333-8FDC-42A3-9474-1A3956D46DE8}") = "Solution Items", "Solution Items", "{A87C364F-1CF5-4D26-B0BE-2B244F165ED2}"
	ProjectSection(SolutionItems) = preProject
		.editorconfig = .editorconfig
	EndProjectSection
EndProject
Project("{9A19103F-16F7-4668-BE54-9A1E7A4F7556}") = "Starnight", "Starnight\Starnight.csproj", "{DBE7B190-6A81-4728-B85C-48F43586C0F5}"
EndProject
Project("{9A19103F-16F7-4668-BE54-9A1E7A4F7556}") = "Starnight.Test", "Starnight.Test\Starnight.Test.csproj", "{E031DC09-F9A1-4E15-AB09-EFC0A51612AE}"
EndProject
Project("{9A19103F-16F7-4668-BE54-9A1E7A4F7556}") = "Starnight.Internal", "Starnight.Internal\Starnight.Internal.csproj", "{6C8BF445-6FC4-4A06-8A38-01AEF37CE4CD}"
EndProject
Project("{FAE04EC0-301F-11D3-BF4B-00C04F79EFBC}") = "Starnight.Caching", "Starnight.Caching\Starnight.Caching.csproj", "{C3802109-7D82-44BD-A735-F9F0534271DF}"
EndProject
Global
	GlobalSection(SolutionConfigurationPlatforms) = preSolution
		Debug|Any CPU = Debug|Any CPU
		Release|Any CPU = Release|Any CPU
	EndGlobalSection
	GlobalSection(ProjectConfigurationPlatforms) = postSolution
		{DBE7B190-6A81-4728-B85C-48F43586C0F5}.Debug|Any CPU.ActiveCfg = Debug|Any CPU
		{DBE7B190-6A81-4728-B85C-48F43586C0F5}.Debug|Any CPU.Build.0 = Debug|Any CPU
		{DBE7B190-6A81-4728-B85C-48F43586C0F5}.Release|Any CPU.ActiveCfg = Release|Any CPU
		{DBE7B190-6A81-4728-B85C-48F43586C0F5}.Release|Any CPU.Build.0 = Release|Any CPU
		{E031DC09-F9A1-4E15-AB09-EFC0A51612AE}.Debug|Any CPU.ActiveCfg = Debug|Any CPU
		{E031DC09-F9A1-4E15-AB09-EFC0A51612AE}.Debug|Any CPU.Build.0 = Debug|Any CPU
		{E031DC09-F9A1-4E15-AB09-EFC0A51612AE}.Release|Any CPU.ActiveCfg = Release|Any CPU
		{E031DC09-F9A1-4E15-AB09-EFC0A51612AE}.Release|Any CPU.Build.0 = Release|Any CPU
		{6C8BF445-6FC4-4A06-8A38-01AEF37CE4CD}.Debug|Any CPU.ActiveCfg = Debug|Any CPU
		{6C8BF445-6FC4-4A06-8A38-01AEF37CE4CD}.Debug|Any CPU.Build.0 = Debug|Any CPU
		{6C8BF445-6FC4-4A06-8A38-01AEF37CE4CD}.Release|Any CPU.ActiveCfg = Release|Any CPU
		{6C8BF445-6FC4-4A06-8A38-01AEF37CE4CD}.Release|Any CPU.Build.0 = Release|Any CPU
		{C3802109-7D82-44BD-A735-F9F0534271DF}.Debug|Any CPU.ActiveCfg = Debug|Any CPU
		{C3802109-7D82-44BD-A735-F9F0534271DF}.Debug|Any CPU.Build.0 = Debug|Any CPU
		{C3802109-7D82-44BD-A735-F9F0534271DF}.Release|Any CPU.ActiveCfg = Release|Any CPU
		{C3802109-7D82-44BD-A735-F9F0534271DF}.Release|Any CPU.Build.0 = Release|Any CPU
	EndGlobalSection
	GlobalSection(SolutionProperties) = preSolution
		HideSolutionNode = FALSE
	EndGlobalSection
	GlobalSection(ExtensibilityGlobals) = postSolution
		SolutionGuid = {87335D0B-BDC4-4C7B-B18D-25D0E69BFA12}
	EndGlobalSection
EndGlobal
