
Microsoft Visual Studio Solution File, Format Version 12.00
# Visual Studio Version 17
VisualStudioVersion = 17.0.31612.314
MinimumVisualStudioVersion = 10.0.40219.1
Project("{9A19103F-16F7-4668-BE54-9A1E7A4F7556}") = "Starnight.Internal", "src\Starnight.Internal\Starnight.Internal.csproj", "{6C8BF445-6FC4-4A06-8A38-01AEF37CE4CD}"
EndProject
Project("{9A19103F-16F7-4668-BE54-9A1E7A4F7556}") = "Starnight", "src\Starnight\Starnight.csproj", "{A7FB5ADB-7DCC-4A03-A927-26BF5CB31382}"
EndProject
Project("{9A19103F-16F7-4668-BE54-9A1E7A4F7556}") = "Starnight.Test", "test\Starnight.Test.csproj", "{A8DDC1A9-39E6-4254-9E4B-6D57A25BD500}"
EndProject
Project("{2150E333-8FDC-42A3-9474-1A3956D46DE8}") = "Solution Items", "Solution Items", "{43F91CA0-0B78-4ED1-8900-2EBBBE3A8FEF}"
	ProjectSection(SolutionItems) = preProject
		.editorconfig = .editorconfig
	EndProjectSection
EndProject
Project("{9A19103F-16F7-4668-BE54-9A1E7A4F7556}") = "Starnight.SourceGenerators", "gen\Starnight.SourceGenerators.csproj", "{AF523164-8CC1-4936-8F4F-8F850BE2EE63}"
EndProject
Project("{9A19103F-16F7-4668-BE54-9A1E7A4F7556}") = "Starnight.Caching.Providers", "src\Starnight.Caching.Providers\Starnight.Caching.Providers.csproj", "{92BC5277-8AF2-47E5-A12A-197A76D60151}"
EndProject
Project("{9A19103F-16F7-4668-BE54-9A1E7A4F7556}") = "Starnight.Caching", "src\Starnight.Caching\Starnight.Caching.csproj", "{54F47553-210F-4DCA-87B1-3555B17ADCE7}"
EndProject
Project("{2150E333-8FDC-42A3-9474-1A3956D46DE8}") = "Tools", "Tools", "{D7589FB1-982F-4010-B3C9-EFE0F1877298}"
EndProject
Project("{9A19103F-16F7-4668-BE54-9A1E7A4F7556}") = "Starnight.Generators.GenerateInternalEvents", "tools\generators\Starnight.Generators.GenerateInternalEvents\Starnight.Generators.GenerateInternalEvents.csproj", "{A310574C-8845-4F60-8841-0A99EE347B51}"
EndProject
Global
	GlobalSection(SolutionConfigurationPlatforms) = preSolution
		Debug|Any CPU = Debug|Any CPU
		Release|Any CPU = Release|Any CPU
	EndGlobalSection
	GlobalSection(ProjectConfigurationPlatforms) = postSolution
		{6C8BF445-6FC4-4A06-8A38-01AEF37CE4CD}.Debug|Any CPU.ActiveCfg = Debug|Any CPU
		{6C8BF445-6FC4-4A06-8A38-01AEF37CE4CD}.Debug|Any CPU.Build.0 = Debug|Any CPU
		{6C8BF445-6FC4-4A06-8A38-01AEF37CE4CD}.Release|Any CPU.ActiveCfg = Release|Any CPU
		{6C8BF445-6FC4-4A06-8A38-01AEF37CE4CD}.Release|Any CPU.Build.0 = Release|Any CPU
		{A7FB5ADB-7DCC-4A03-A927-26BF5CB31382}.Debug|Any CPU.ActiveCfg = Debug|Any CPU
		{A7FB5ADB-7DCC-4A03-A927-26BF5CB31382}.Debug|Any CPU.Build.0 = Debug|Any CPU
		{A7FB5ADB-7DCC-4A03-A927-26BF5CB31382}.Release|Any CPU.ActiveCfg = Release|Any CPU
		{A7FB5ADB-7DCC-4A03-A927-26BF5CB31382}.Release|Any CPU.Build.0 = Release|Any CPU
		{A8DDC1A9-39E6-4254-9E4B-6D57A25BD500}.Debug|Any CPU.ActiveCfg = Debug|Any CPU
		{A8DDC1A9-39E6-4254-9E4B-6D57A25BD500}.Debug|Any CPU.Build.0 = Debug|Any CPU
		{A8DDC1A9-39E6-4254-9E4B-6D57A25BD500}.Release|Any CPU.ActiveCfg = Release|Any CPU
		{A8DDC1A9-39E6-4254-9E4B-6D57A25BD500}.Release|Any CPU.Build.0 = Release|Any CPU
		{AF523164-8CC1-4936-8F4F-8F850BE2EE63}.Debug|Any CPU.ActiveCfg = Debug|Any CPU
		{AF523164-8CC1-4936-8F4F-8F850BE2EE63}.Debug|Any CPU.Build.0 = Debug|Any CPU
		{AF523164-8CC1-4936-8F4F-8F850BE2EE63}.Release|Any CPU.ActiveCfg = Release|Any CPU
		{AF523164-8CC1-4936-8F4F-8F850BE2EE63}.Release|Any CPU.Build.0 = Release|Any CPU
		{92BC5277-8AF2-47E5-A12A-197A76D60151}.Debug|Any CPU.ActiveCfg = Debug|Any CPU
		{92BC5277-8AF2-47E5-A12A-197A76D60151}.Debug|Any CPU.Build.0 = Debug|Any CPU
		{92BC5277-8AF2-47E5-A12A-197A76D60151}.Release|Any CPU.ActiveCfg = Release|Any CPU
		{92BC5277-8AF2-47E5-A12A-197A76D60151}.Release|Any CPU.Build.0 = Release|Any CPU
		{54F47553-210F-4DCA-87B1-3555B17ADCE7}.Debug|Any CPU.ActiveCfg = Debug|Any CPU
		{54F47553-210F-4DCA-87B1-3555B17ADCE7}.Debug|Any CPU.Build.0 = Debug|Any CPU
		{54F47553-210F-4DCA-87B1-3555B17ADCE7}.Release|Any CPU.ActiveCfg = Release|Any CPU
		{54F47553-210F-4DCA-87B1-3555B17ADCE7}.Release|Any CPU.Build.0 = Release|Any CPU
		{A310574C-8845-4F60-8841-0A99EE347B51}.Debug|Any CPU.ActiveCfg = Debug|Any CPU
		{A310574C-8845-4F60-8841-0A99EE347B51}.Debug|Any CPU.Build.0 = Debug|Any CPU
		{A310574C-8845-4F60-8841-0A99EE347B51}.Release|Any CPU.ActiveCfg = Release|Any CPU
		{A310574C-8845-4F60-8841-0A99EE347B51}.Release|Any CPU.Build.0 = Release|Any CPU
	EndGlobalSection
	GlobalSection(SolutionProperties) = preSolution
		HideSolutionNode = FALSE
	EndGlobalSection
	GlobalSection(NestedProjects) = preSolution
		{A310574C-8845-4F60-8841-0A99EE347B51} = {D7589FB1-982F-4010-B3C9-EFE0F1877298}
	EndGlobalSection
	GlobalSection(ExtensibilityGlobals) = postSolution
		SolutionGuid = {87335D0B-BDC4-4C7B-B18D-25D0E69BFA12}
	EndGlobalSection
EndGlobal
